
Microsoft Visual Studio Solution File, Format Version 12.00
# Visual Studio Version 17
VisualStudioVersion = 17.14.36623.8
MinimumVisualStudioVersion = 10.0.40219.1
Project("{FAE04EC0-301F-11D3-BF4B-00C04F79EFBC}") = "HotelBooking.Infrastructure", "HotelBooking.Infrastructure\HotelBooking.Infrastructure.csproj", "{DAEDACFF-6A75-4487-8FDA-373DD1D2E4B7}"
EndProject
Project("{FAE04EC0-301F-11D3-BF4B-00C04F79EFBC}") = "HotelBooking.Domain", "HotelBooking.Domain\HotelBooking.Domain.csproj", "{4537B8F8-136C-41DB-BCEE-E9794BB9A544}"
EndProject
Project("{FAE04EC0-301F-11D3-BF4B-00C04F79EFBC}") = "HotelBooking.Application", "HotelBooking.Application\HotelBooking.Application.csproj", "{00172649-C982-4D82-AA1C-2E45E7588F32}"
EndProject
Project("{FAE04EC0-301F-11D3-BF4B-00C04F79EFBC}") = "HotelBooking.Api", "HotelBooking.Api\HotelBooking.Api.csproj", "{8F036CAD-4715-4669-9E28-05F29CC935C6}"
EndProject
Project("{FAE04EC0-301F-11D3-BF4B-00C04F79EFBC}") = "HotelBooking.Tests", "HotelBooking.Tests\HotelBooking.Tests.csproj", "{CEEDB1D9-C062-464F-AC50-ED27AD1F3FF0}"
EndProject
Global
	GlobalSection(SolutionConfigurationPlatforms) = preSolution
		Debug|Any CPU = Debug|Any CPU
		Release|Any CPU = Release|Any CPU
	EndGlobalSection
	GlobalSection(ProjectConfigurationPlatforms) = postSolution
		{DAEDACFF-6A75-4487-8FDA-373DD1D2E4B7}.Debug|Any CPU.ActiveCfg = Debug|Any CPU
		{DAEDACFF-6A75-4487-8FDA-373DD1D2E4B7}.Debug|Any CPU.Build.0 = Debug|Any CPU
		{DAEDACFF-6A75-4487-8FDA-373DD1D2E4B7}.Release|Any CPU.ActiveCfg = Release|Any CPU
		{DAEDACFF-6A75-4487-8FDA-373DD1D2E4B7}.Release|Any CPU.Build.0 = Release|Any CPU
		{4537B8F8-136C-41DB-BCEE-E9794BB9A544}.Debug|Any CPU.ActiveCfg = Debug|Any CPU
		{4537B8F8-136C-41DB-BCEE-E9794BB9A544}.Debug|Any CPU.Build.0 = Debug|Any CPU
		{4537B8F8-136C-41DB-BCEE-E9794BB9A544}.Release|Any CPU.ActiveCfg = Release|Any CPU
		{4537B8F8-136C-41DB-BCEE-E9794BB9A544}.Release|Any CPU.Build.0 = Release|Any CPU
		{00172649-C982-4D82-AA1C-2E45E7588F32}.Debug|Any CPU.ActiveCfg = Debug|Any CPU
		{00172649-C982-4D82-AA1C-2E45E7588F32}.Debug|Any CPU.Build.0 = Debug|Any CPU
		{00172649-C982-4D82-AA1C-2E45E7588F32}.Release|Any CPU.ActiveCfg = Release|Any CPU
		{00172649-C982-4D82-AA1C-2E45E7588F32}.Release|Any CPU.Build.0 = Release|Any CPU
		{8F036CAD-4715-4669-9E28-05F29CC935C6}.Debug|Any CPU.ActiveCfg = Debug|Any CPU
		{8F036CAD-4715-4669-9E28-05F29CC935C6}.Debug|Any CPU.Build.0 = Debug|Any CPU
		{8F036CAD-4715-4669-9E28-05F29CC935C6}.Release|Any CPU.ActiveCfg = Release|Any CPU
		{8F036CAD-4715-4669-9E28-05F29CC935C6}.Release|Any CPU.Build.0 = Release|Any CPU
		{CEEDB1D9-C062-464F-AC50-ED27AD1F3FF0}.Debug|Any CPU.ActiveCfg = Debug|Any CPU
		{CEEDB1D9-C062-464F-AC50-ED27AD1F3FF0}.Debug|Any CPU.Build.0 = Debug|Any CPU
		{CEEDB1D9-C062-464F-AC50-ED27AD1F3FF0}.Release|Any CPU.ActiveCfg = Release|Any CPU
		{CEEDB1D9-C062-464F-AC50-ED27AD1F3FF0}.Release|Any CPU.Build.0 = Release|Any CPU
	EndGlobalSection
	GlobalSection(SolutionProperties) = preSolution
		HideSolutionNode = FALSE
	EndGlobalSection
	GlobalSection(ExtensibilityGlobals) = postSolution
		SolutionGuid = {F688C676-EBF6-49BC-BA42-F29F09E09E56}
	EndGlobalSection
EndGlobal
